
Microsoft Visual Studio Solution File, Format Version 12.00
# Visual Studio Version 17
VisualStudioVersion = 17.3.32929.385
MinimumVisualStudioVersion = 10.0.40219.1
Project("{FAE04EC0-301F-11D3-BF4B-00C04F79EFBC}") = "WindowsFormsApp_Probaviszga2019", "WindowsFormsApp_Probaviszga2019\WindowsFormsApp_Probaviszga2019.csproj", "{F05CCEC4-16E2-4F46-9E7D-4055DBD2236F}"
EndProject
Global
	GlobalSection(SolutionConfigurationPlatforms) = preSolution
		Debug|Any CPU = Debug|Any CPU
		Release|Any CPU = Release|Any CPU
	EndGlobalSection
	GlobalSection(ProjectConfigurationPlatforms) = postSolution
		{F05CCEC4-16E2-4F46-9E7D-4055DBD2236F}.Debug|Any CPU.ActiveCfg = Debug|Any CPU
		{F05CCEC4-16E2-4F46-9E7D-4055DBD2236F}.Debug|Any CPU.Build.0 = Debug|Any CPU
		{F05CCEC4-16E2-4F46-9E7D-4055DBD2236F}.Release|Any CPU.ActiveCfg = Release|Any CPU
		{F05CCEC4-16E2-4F46-9E7D-4055DBD2236F}.Release|Any CPU.Build.0 = Release|Any CPU
	EndGlobalSection
	GlobalSection(SolutionProperties) = preSolution
		HideSolutionNode = FALSE
	EndGlobalSection
	GlobalSection(ExtensibilityGlobals) = postSolution
		SolutionGuid = {91408EAC-632C-433C-AE72-88F9A9AA93DE}
	EndGlobalSection
EndGlobal
